
Microsoft Visual Studio Solution File, Format Version 12.00
# Visual Studio Version 17
VisualStudioVersion = 17.11.35303.130
MinimumVisualStudioVersion = 10.0.40219.1
Project("{FAE04EC0-301F-11D3-BF4B-00C04F79EFBC}") = "HttpKDA", "HttpKDA\HttpKDA.csproj", "{89FF2730-50A0-4D12-9B34-C30E9172A839}"
EndProject
Global
	GlobalSection(SolutionConfigurationPlatforms) = preSolution
		Debug|Any CPU = Debug|Any CPU
		Release|Any CPU = Release|Any CPU
	EndGlobalSection
	GlobalSection(ProjectConfigurationPlatforms) = postSolution
		{89FF2730-50A0-4D12-9B34-C30E9172A839}.Debug|Any CPU.ActiveCfg = Debug|Any CPU
		{89FF2730-50A0-4D12-9B34-C30E9172A839}.Debug|Any CPU.Build.0 = Debug|Any CPU
		{89FF2730-50A0-4D12-9B34-C30E9172A839}.Release|Any CPU.ActiveCfg = Release|Any CPU
		{89FF2730-50A0-4D12-9B34-C30E9172A839}.Release|Any CPU.Build.0 = Release|Any CPU
	EndGlobalSection
	GlobalSection(SolutionProperties) = preSolution
		HideSolutionNode = FALSE
	EndGlobalSection
	GlobalSection(ExtensibilityGlobals) = postSolution
		SolutionGuid = {AF5BA8B0-A6C1-4BAA-B7AF-9E5184B6267D}
	EndGlobalSection
EndGlobal
