
Microsoft Visual Studio Solution File, Format Version 12.00
# Visual Studio Version 17
VisualStudioVersion = 17.11.35312.102
MinimumVisualStudioVersion = 10.0.40219.1
Project("{FAE04EC0-301F-11D3-BF4B-00C04F79EFBC}") = "labSecond", "labSecond\labSecond.csproj", "{2514A0D3-BCC0-4F0C-8EBA-BE62C75B74EB}"
EndProject
Global
	GlobalSection(SolutionConfigurationPlatforms) = preSolution
		Debug|Any CPU = Debug|Any CPU
		Release|Any CPU = Release|Any CPU
	EndGlobalSection
	GlobalSection(ProjectConfigurationPlatforms) = postSolution
		{2514A0D3-BCC0-4F0C-8EBA-BE62C75B74EB}.Debug|Any CPU.ActiveCfg = Debug|Any CPU
		{2514A0D3-BCC0-4F0C-8EBA-BE62C75B74EB}.Debug|Any CPU.Build.0 = Debug|Any CPU
		{2514A0D3-BCC0-4F0C-8EBA-BE62C75B74EB}.Release|Any CPU.ActiveCfg = Release|Any CPU
		{2514A0D3-BCC0-4F0C-8EBA-BE62C75B74EB}.Release|Any CPU.Build.0 = Release|Any CPU
	EndGlobalSection
	GlobalSection(SolutionProperties) = preSolution
		HideSolutionNode = FALSE
	EndGlobalSection
	GlobalSection(ExtensibilityGlobals) = postSolution
		SolutionGuid = {BE764F74-9C93-47BC-853B-813905818F02}
	EndGlobalSection
EndGlobal
